github.com/taylormonacelli/forestfish v0.0.9 h1:EHEkImUR5X/u7OpOSx4M9t51btRABjz0zz0RNphN8A4=
github.com/taylormonacelli/forestfish v0.0.9/go.mod h1:8Xio8qE+Hc/cthG+dNVLakh5qYHl05Sq5vS8XzU62sA=
github.com/taylormonacelli/forestfish v0.0.10 h1:NmCUPyF1XYz9DUJqAsnW3RzUMVXBBUtGAZ1q/vb8vDc=
github.com/taylormonacelli/forestfish v0.0.10/go.mod h1:8Xio8qE+Hc/cthG+dNVLakh5qYHl05Sq5vS8XzU62sA=
github.com/taylormonacelli/goldbug v0.0.6 h1:2NQnMjAfznHkKh8dKPTUHJqnswgqWrcF/NhOnm4TQRI=
github.com/taylormonacelli/goldbug v0.0.6/go.mod h1:RmeCuiI1RYYPob+BPHEZcmp+IVd6EkoHsoRukenJmH0=
golang.org/x/tools v0.14.0 h1:jvNa2pY0M4r62jkRQ6RwEZZyPcymeL9XZMLBbV7U2nc=
golang.org/x/tools v0.14.0/go.mod h1:uYBEerGOWcJyEORxN+Ek8+TT266gXkNlHdJBwexUsBg=
golang.org/x/tools v0.26.0 h1:v/60pFQmzmT9ExmjDv2gGIfi3OqfKoEP6I5+umXlbnQ=
golang.org/x/tools v0.26.0/go.mod h1:TPVVj70c7JJ3WCazhD8OdXcZg/og+b9+tH/KxylGwH0=
golang.org/x/tools v0.27.0 h1:qEKojBykQkQ4EynWy4S8Weg69NumxKdn40Fce3uc/8o=
golang.org/x/tools v0.27.0/go.mod h1:sUi0ZgbwW9ZPAq26Ekut+weQPR5eIM6GQLQ1Yjm1H0Q=
golang.org/x/tools v0.28.0 h1:WuB6qZ4RPCQo5aP3WdKZS7i595EdWqWR8vqJTlwTVK8=
golang.org/x/tools v0.28.0/go.mod h1:dcIOrVd3mfQKTgrDVQHqCPMWy6lnhfhtX3hLXYVLfRw=
golang.org/x/tools v0.29.0 h1:Xx0h3TtM9rzQpQuR4dKLrdglAmCEN5Oi+P74JdhdzXE=
golang.org/x/tools v0.29.0/go.mod h1:KMQVMRsVxU6nHCFXrBPhDB8XncLNLM0lIy/F14RP588=
